# @generated - this file is auto-generated by `mise lock` https://mise.en.dev/dev-tools/mise-lock.html

[[tools."aqua:rhysd/actionlint"]]
version = "1.7.12"
backend = "aqua:rhysd/actionlint"

[tools."aqua:rhysd/actionlint"."platforms.linux-arm64"]
checksum = "sha256:325e971b6ba9bfa504672e29be93c24981eeb1c07576d730e9f7c8805afff0c6"
url = "https://github.com/rhysd/actionlint/releases/download/v1.7.12/actionlint_1.7.12_linux_arm64.tar.gz"
url_api = "https://api.github.com/repos/rhysd/actionlint/releases/assets/384924897"
provenance = "github-attestations"

[tools."aqua:rhysd/actionlint"."platforms.linux-arm64-musl"]
checksum = "sha256:325e971b6ba9bfa504672e29be93c24981eeb1c07576d730e9f7c8805afff0c6"
url = "https://github.com/rhysd/actionlint/releases/download/v1.7.12/actionlint_1.7.12_linux_arm64.tar.gz"
url_api = "https://api.github.com/repos/rhysd/actionlint/releases/assets/384924897"
provenance = "github-attestations"

[tools."aqua:rhysd/actionlint"."platforms.linux-x64"]
checksum = "sha256:8aca8db96f1b94770f1b0d72b6dddcb1ebb8123cb3712530b08cc387b349a3d8"
url = "https://github.com/rhysd/actionlint/releases/download/v1.7.12/actionlint_1.7.12_linux_amd64.tar.gz"
url_api = "https://api.github.com/repos/rhysd/actionlint/releases/assets/384924896"
provenance = "github-attestations"

[tools."aqua:rhysd/actionlint"."platforms.linux-x64-musl"]
checksum = "sha256:8aca8db96f1b94770f1b0d72b6dddcb1ebb8123cb3712530b08cc387b349a3d8"
url = "https://github.com/rhysd/actionlint/releases/download/v1.7.12/actionlint_1.7.12_linux_amd64.tar.gz"
url_api = "https://api.github.com/repos/rhysd/actionlint/releases/assets/384924896"
provenance = "github-attestations"

[tools."aqua:rhysd/actionlint"."platforms.macos-arm64"]
checksum = "sha256:aba9ced2dee8d27fecca3dc7feb1a7f9a52caefa1eb46f3271ea66b6e0e6953f"
url = "https://github.com/rhysd/actionlint/releases/download/v1.7.12/actionlint_1.7.12_darwin_arm64.tar.gz"
url_api = "https://api.github.com/repos/rhysd/actionlint/releases/assets/384924893"
provenance = "github-attestations"

[tools."aqua:rhysd/actionlint"."platforms.macos-x64"]
checksum = "sha256:5b44c3bc2255115c9b69e30efc0fecdf498fdb63c5d58e17084fd5f16324c644"
url = "https://github.com/rhysd/actionlint/releases/download/v1.7.12/actionlint_1.7.12_darwin_amd64.tar.gz"
url_api = "https://api.github.com/repos/rhysd/actionlint/releases/assets/384924880"
provenance = "github-attestations"

[tools."aqua:rhysd/actionlint"."platforms.windows-x64"]
checksum = "sha256:6e7241b51e6817ea6a047693d8e6fed13b31819c9a0dd6c5a726e1592d22f6e9"
url = "https://github.com/rhysd/actionlint/releases/download/v1.7.12/actionlint_1.7.12_windows_amd64.zip"
url_api = "https://api.github.com/repos/rhysd/actionlint/releases/assets/384924919"
provenance = "github-attestations"

[[tools."aqua:siderolabs/talos"]]
version = "1.14.2"
backend = "aqua:siderolabs/talos"

[tools."aqua:siderolabs/talos"."platforms.linux-arm64"]
checksum = "sha256:5b7119f9cc68c1e6dcd394564208a9ae417c5cc9e8e2585fa173082e53f5e6d7"
url = "https://github.com/siderolabs/talos/releases/download/v1.14.2/talosctl-linux-arm64"
url_api = "https://api.github.com/repos/siderolabs/talos/releases/assets/599059725"
provenance = "cosign"

[tools."aqua:siderolabs/talos"."platforms.linux-arm64-musl"]
checksum = "sha256:5b7119f9cc68c1e6dcd394564208a9ae417c5cc9e8e2585fa173082e53f5e6d7"
url = "https://github.com/siderolabs/talos/releases/download/v1.14.2/talosctl-linux-arm64"
url_api = "https://api.github.com/repos/siderolabs/talos/releases/assets/599059725"
provenance = "cosign"

[tools."aqua:siderolabs/talos"."platforms.linux-x64"]
checksum = "sha256:c6c9552b0e5f767352c595fa1c0af4f186f697488646872955057d23990a66c4"
url = "https://github.com/siderolabs/talos/releases/download/v1.14.2/talosctl-linux-amd64"
url_api = "https://api.github.com/repos/siderolabs/talos/releases/assets/599059721"
provenance = "cosign"

[tools."aqua:siderolabs/talos"."platforms.linux-x64-musl"]
checksum = "sha256:c6c9552b0e5f767352c595fa1c0af4f186f697488646872955057d23990a66c4"
url = "https://github.com/siderolabs/talos/releases/download/v1.14.2/talosctl-linux-amd64"
url_api = "https://api.github.com/repos/siderolabs/talos/releases/assets/599059721"
provenance = "cosign"

[tools."aqua:siderolabs/talos"."platforms.macos-arm64"]
checksum = "sha256:4b509e96912278f2af58dc0005be5252124bcba4b87a7f877674160bbf000b6f"
url = "https://github.com/siderolabs/talos/releases/download/v1.14.2/talosctl-darwin-arm64"
url_api = "https://api.github.com/repos/siderolabs/talos/releases/assets/599059741"
provenance = "cosign"

[tools."aqua:siderolabs/talos"."platforms.macos-x64"]
checksum = "sha256:250525ff19b32ebf25e90d8943d88870f40f39618007fcba70b524efa5549a0c"
url = "https://github.com/siderolabs/talos/releases/download/v1.14.2/talosctl-darwin-amd64"
url_api = "https://api.github.com/repos/siderolabs/talos/releases/assets/599059728"
provenance = "cosign"

[tools."aqua:siderolabs/talos"."platforms.windows-x64"]
checksum = "sha256:0f0b6fc765f78a78161f01c70f044c73e70536b772fd0ea023918849e9744998"
url = "https://github.com/siderolabs/talos/releases/download/v1.14.2/talosctl-windows-amd64.exe"
url_api = "https://api.github.com/repos/siderolabs/talos/releases/assets/599059709"
provenance = "cosign"

[[tools.direnv]]
version = "2.38.1"
backend = "aqua:direnv/direnv"

[tools.direnv."platforms.linux-arm64"]
checksum = "sha256:a5deedd4165c94e629a4f3faf74fc0425d3c34a2fcee438a95d628a5f41f5bd8"
url = "https://github.com/direnv/direnv/releases/download/v2.38.1/direnv.linux-arm64"
url_api = "https://api.github.com/repos/direnv/direnv/releases/assets/616472958"

[tools.direnv."platforms.linux-arm64-musl"]
checksum = "sha256:a5deedd4165c94e629a4f3faf74fc0425d3c34a2fcee438a95d628a5f41f5bd8"
url = "https://github.com/direnv/direnv/releases/download/v2.38.1/direnv.linux-arm64"
url_api = "https://api.github.com/repos/direnv/direnv/releases/assets/616472958"

[tools.direnv."platforms.linux-x64"]
checksum = "sha256:a19470b6d93afeb226b89b1dabf95a5e559533905122be235ed35408e9983b3c"
url = "https://github.com/direnv/direnv/releases/download/v2.38.1/direnv.linux-amd64"
url_api = "https://api.github.com/repos/direnv/direnv/releases/assets/616472953"

[tools.direnv."platforms.linux-x64-musl"]
checksum = "sha256:a19470b6d93afeb226b89b1dabf95a5e559533905122be235ed35408e9983b3c"
url = "https://github.com/direnv/direnv/releases/download/v2.38.1/direnv.linux-amd64"
url_api = "https://api.github.com/repos/direnv/direnv/releases/assets/616472953"

[tools.direnv."platforms.macos-arm64"]
checksum = "sha256:e7819f1b8ef73cc2d96e7b938b0c56aeff052d3872deae6daad0b16bd700386c"
url = "https://github.com/direnv/direnv/releases/download/v2.38.1/direnv.darwin-arm64"
url_api = "https://api.github.com/repos/direnv/direnv/releases/assets/616472921"

[tools.direnv."platforms.macos-x64"]
checksum = "sha256:a0501604814f2dcc19a7588e17701c546327880fb7466f779033051be5a00586"
url = "https://github.com/direnv/direnv/releases/download/v2.38.1/direnv.darwin-amd64"
url_api = "https://api.github.com/repos/direnv/direnv/releases/assets/616472923"

[tools.direnv."platforms.windows-x64"]
checksum = "sha256:d96fc8b7cf020c2d4c1dbbc2ccec5fd1cab05b51c491f02c8527a7fa6c50a1cd"
url = "https://github.com/direnv/direnv/releases/download/v2.37.1/direnv.windows-amd64"
url_api = "https://api.github.com/repos/direnv/direnv/releases/assets/274610569"

[[tools."github:goreleaser/goreleaser"]]
version = "2.18.2"
backend = "github:goreleaser/goreleaser"

[tools."github:goreleaser/goreleaser"."platforms.linux-arm64"]
checksum = "sha256:a71681b29194f08f057a68cfcaa5c6b15d907a83a2622c51900c4faff828f322"
url = "https://github.com/goreleaser/goreleaser/releases/download/v2.18.2/goreleaser_Linux_arm64.tar.gz"
url_api = "https://api.github.com/repos/goreleaser/goreleaser/releases/assets/569382435"
provenance = "github-attestations"

[tools."github:goreleaser/goreleaser"."platforms.linux-arm64-musl"]
checksum = "sha256:a71681b29194f08f057a68cfcaa5c6b15d907a83a2622c51900c4faff828f322"
url = "https://github.com/goreleaser/goreleaser/releases/download/v2.18.2/goreleaser_Linux_arm64.tar.gz"
url_api = "https://api.github.com/repos/goreleaser/goreleaser/releases/assets/569382435"
provenance = "github-attestations"

[tools."github:goreleaser/goreleaser"."platforms.linux-x64"]
checksum = "sha256:0a96edc9d9bc594e4a41cc4d59467c182062910ab24d9d1f6dd7b667d32606d3"
url = "https://github.com/goreleaser/goreleaser/releases/download/v2.18.2/goreleaser_Linux_x86_64.tar.gz"
url_api = "https://api.github.com/repos/goreleaser/goreleaser/releases/assets/569382334"
provenance = "github-attestations"
provenance_verified = true

[tools."github:goreleaser/goreleaser"."platforms.linux-x64-musl"]
checksum = "sha256:0a96edc9d9bc594e4a41cc4d59467c182062910ab24d9d1f6dd7b667d32606d3"
url = "https://github.com/goreleaser/goreleaser/releases/download/v2.18.2/goreleaser_Linux_x86_64.tar.gz"
url_api = "https://api.github.com/repos/goreleaser/goreleaser/releases/assets/569382334"
provenance = "github-attestations"

[tools."github:goreleaser/goreleaser"."platforms.macos-arm64"]
checksum = "sha256:a811ff154fe136a0cfb55d00126c151fc39ec370a663d805a9ca5547445aa70c"
url = "https://github.com/goreleaser/goreleaser/releases/download/v2.18.2/goreleaser_Darwin_arm64.tar.gz"
url_api = "https://api.github.com/repos/goreleaser/goreleaser/releases/assets/569382464"
provenance = "github-attestations"

[tools."github:goreleaser/goreleaser"."platforms.macos-x64"]
checksum = "sha256:5e97d6517f73a0b6f71675a2911b15d3136c03c8907650c2b18e114b1c0f5205"
url = "https://github.com/goreleaser/goreleaser/releases/download/v2.18.2/goreleaser_Darwin_x86_64.tar.gz"
url_api = "https://api.github.com/repos/goreleaser/goreleaser/releases/assets/569382333"
provenance = "github-attestations"

[tools."github:goreleaser/goreleaser"."platforms.windows-x64"]
checksum = "sha256:de61a8e7a064abb14210b16c942facd299643d83341c5cd293f19155a7c8b95f"
url = "https://github.com/goreleaser/goreleaser/releases/download/v2.18.2/goreleaser_Windows_x86_64.zip"
url_api = "https://api.github.com/repos/goreleaser/goreleaser/releases/assets/569382470"
provenance = "github-attestations"

[[tools.go]]
version = "1.27.1"
backend = "core:go"

[tools.go."platforms.linux-arm64"]
checksum = "sha256:3450b45a3f9ee8568792736a5c5e70a1f2e9b36c35a8f74958c03e51d7d92bec"
url = "https://dl.google.com/go/go1.27.1.linux-arm64.tar.gz"

[tools.go."platforms.linux-arm64-musl"]
checksum = "sha256:3450b45a3f9ee8568792736a5c5e70a1f2e9b36c35a8f74958c03e51d7d92bec"
url = "https://dl.google.com/go/go1.27.1.linux-arm64.tar.gz"

[tools.go."platforms.linux-x64"]
checksum = "sha256:63d339f0da5ab53635a56f2490a7984dfe12dfcff22ad749f63edaf590168445"
url = "https://dl.google.com/go/go1.27.1.linux-amd64.tar.gz"

[tools.go."platforms.linux-x64-musl"]
checksum = "sha256:63d339f0da5ab53635a56f2490a7984dfe12dfcff22ad749f63edaf590168445"
url = "https://dl.google.com/go/go1.27.1.linux-amd64.tar.gz"

[tools.go."platforms.macos-arm64"]
checksum = "sha256:ee215d57e0ec269c60cc9ceca68e6bda321ba9ee5afe24f4b0988703c2d87d12"
url = "https://dl.google.com/go/go1.27.1.darwin-arm64.tar.gz"

[tools.go."platforms.macos-x64"]
checksum = "sha256:8f8f52c6649542cf027bbc9b9c68d1ec042f9f34808a40413f0b8b3f66f3caa4"
url = "https://dl.google.com/go/go1.27.1.darwin-amd64.tar.gz"

[tools.go."platforms.windows-x64"]
checksum = "sha256:a3911b5e0e1b1053f25ed0675f4c1c6aad1e2bfcf253df2b9be4caabd2edd95d"
url = "https://dl.google.com/go/go1.27.1.windows-amd64.zip"

[[tools.golangci-lint]]
version = "2.14.0"
backend = "aqua:golangci/golangci-lint"

[tools.golangci-lint."platforms.linux-arm64"]
checksum = "sha256:ee7ec5f3453d15ddf106fae5a4d6c71737712348a979d1fe9cd52ec7ea299bae"
url = "https://github.com/golangci/golangci-lint/releases/download/v2.14.0/golangci-lint-2.14.0-linux-arm64.tar.gz"
url_api = "https://api.github.com/repos/golangci/golangci-lint/releases/assets/585813674"
provenance = "github-attestations"

[tools.golangci-lint."platforms.linux-arm64-musl"]
checksum = "sha256:ee7ec5f3453d15ddf106fae5a4d6c71737712348a979d1fe9cd52ec7ea299bae"
url = "https://github.com/golangci/golangci-lint/releases/download/v2.14.0/golangci-lint-2.14.0-linux-arm64.tar.gz"
url_api = "https://api.github.com/repos/golangci/golangci-lint/releases/assets/585813674"
provenance = "github-attestations"

[tools.golangci-lint."platforms.linux-x64"]
checksum = "sha256:ab90aeb7b066f92a33415b638a50fe5344bbb75a0d32ad30cc248d88f81032ab"
url = "https://github.com/golangci/golangci-lint/releases/download/v2.14.0/golangci-lint-2.14.0-linux-amd64.tar.gz"
url_api = "https://api.github.com/repos/golangci/golangci-lint/releases/assets/585813815"
provenance = "github-attestations"

[tools.golangci-lint."platforms.linux-x64-musl"]
checksum = "sha256:ab90aeb7b066f92a33415b638a50fe5344bbb75a0d32ad30cc248d88f81032ab"
url = "https://github.com/golangci/golangci-lint/releases/download/v2.14.0/golangci-lint-2.14.0-linux-amd64.tar.gz"
url_api = "https://api.github.com/repos/golangci/golangci-lint/releases/assets/585813815"
provenance = "github-attestations"

[tools.golangci-lint."platforms.macos-arm64"]
checksum = "sha256:5ef5f36a7147e91dc58ef9ef4d11bb7bad5ead0c76eb6c01327a73c641d1dcc3"
url = "https://github.com/golangci/golangci-lint/releases/download/v2.14.0/golangci-lint-2.14.0-darwin-arm64.tar.gz"
url_api = "https://api.github.com/repos/golangci/golangci-lint/releases/assets/585813591"
provenance = "github-attestations"

[tools.golangci-lint."platforms.macos-x64"]
checksum = "sha256:a5667c1c3536be1740133213e1e822bfb8f0d98ea12903174d6d5f635e4ed68d"
url = "https://github.com/golangci/golangci-lint/releases/download/v2.14.0/golangci-lint-2.14.0-darwin-amd64.tar.gz"
url_api = "https://api.github.com/repos/golangci/golangci-lint/releases/assets/585813755"
provenance = "github-attestations"

[tools.golangci-lint."platforms.windows-x64"]
checksum = "sha256:b15f903d1649283a2ab6e8d2f0c317eaf1f9f6b3763950e7e8b7e72a43dd724f"
url = "https://github.com/golangci/golangci-lint/releases/download/v2.14.0/golangci-lint-2.14.0-windows-amd64.zip"
url_api = "https://api.github.com/repos/golangci/golangci-lint/releases/assets/585813793"
provenance = "github-attestations"

[[tools.shellcheck]]
version = "0.11.0"
backend = "aqua:koalaman/shellcheck"

[tools.shellcheck."platforms.linux-arm64"]
checksum = "sha256:12b331c1d2db6b9eb13cfca64306b1b157a86eb69db83023e261eaa7e7c14588"
url = "https://github.com/koalaman/shellcheck/releases/download/v0.11.0/shellcheck-v0.11.0.linux.aarch64.tar.xz"
url_api = "https://api.github.com/repos/koalaman/shellcheck/releases/assets/279056934"

[tools.shellcheck."platforms.linux-arm64-musl"]
checksum = "sha256:12b331c1d2db6b9eb13cfca64306b1b157a86eb69db83023e261eaa7e7c14588"
url = "https://github.com/koalaman/shellcheck/releases/download/v0.11.0/shellcheck-v0.11.0.linux.aarch64.tar.xz"
url_api = "https://api.github.com/repos/koalaman/shellcheck/releases/assets/279056934"

[tools.shellcheck."platforms.linux-x64"]
checksum = "sha256:8c3be12b05d5c177a04c29e3c78ce89ac86f1595681cab149b65b97c4e227198"
url = "https://github.com/koalaman/shellcheck/releases/download/v0.11.0/shellcheck-v0.11.0.linux.x86_64.tar.xz"
url_api = "https://api.github.com/repos/koalaman/shellcheck/releases/assets/279056942"

[tools.shellcheck."platforms.linux-x64-musl"]
checksum = "sha256:8c3be12b05d5c177a04c29e3c78ce89ac86f1595681cab149b65b97c4e227198"
url = "https://github.com/koalaman/shellcheck/releases/download/v0.11.0/shellcheck-v0.11.0.linux.x86_64.tar.xz"
url_api = "https://api.github.com/repos/koalaman/shellcheck/releases/assets/279056942"

[tools.shellcheck."platforms.macos-arm64"]
checksum = "sha256:56affdd8de5527894dca6dc3d7e0a99a873b0f004d7aabc30ae407d3f48b0a79"
url = "https://github.com/koalaman/shellcheck/releases/download/v0.11.0/shellcheck-v0.11.0.darwin.aarch64.tar.xz"
url_api = "https://api.github.com/repos/koalaman/shellcheck/releases/assets/279056932"

[tools.shellcheck."platforms.macos-x64"]
checksum = "sha256:3c89db4edcab7cf1c27bff178882e0f6f27f7afdf54e859fa041fca10febe4c6"
url = "https://github.com/koalaman/shellcheck/releases/download/v0.11.0/shellcheck-v0.11.0.darwin.x86_64.tar.xz"
url_api = "https://api.github.com/repos/koalaman/shellcheck/releases/assets/279056930"

[tools.shellcheck."platforms.windows-x64"]
checksum = "sha256:8a4e35ab0b331c85d73567b12f2a444df187f483e5079ceffa6bda1faa2e740e"
url = "https://github.com/koalaman/shellcheck/releases/download/v0.11.0/shellcheck-v0.11.0.zip"
url_api = "https://api.github.com/repos/koalaman/shellcheck/releases/assets/279056944"

[[tools."ubi:caarlos0/svu"]]
version = "3.4.1"
backend = "ubi:caarlos0/svu"
